
Microsoft Visual Studio Solution File, Format Version 12.00
# Visual Studio Version 17
VisualStudioVersion = 17.9.34728.123
MinimumVisualStudioVersion = 10.0.40219.1
Project("{9A19103F-16F7-4668-BE54-9A1E7A4F7556}") = "Lesson_006_1", "Lesson_006_1\Lesson_006_1.csproj", "{9B7E8D6F-E474-400A-A142-A5740EDD8C53}"
EndProject
Project("{9A19103F-16F7-4668-BE54-9A1E7A4F7556}") = "Lesson_006_2", "Lesson_006_2\Lesson_006_2.csproj", "{2AAF091F-6DCC-40B9-B542-2C32AAF51000}"
EndProject
Project("{9A19103F-16F7-4668-BE54-9A1E7A4F7556}") = "Lesson_008", "Lesson_008\Lesson_008.csproj", "{F72783F1-3570-473A-8221-C7943683B21A}"
EndProject
Project("{9A19103F-16F7-4668-BE54-9A1E7A4F7556}") = "Lesson_009", "Lesson_009\Lesson_009.csproj", "{6D526E8E-C866-42C8-BB3A-8ED70C27FAA9}"
EndProject
Project("{9A19103F-16F7-4668-BE54-9A1E7A4F7556}") = "Lesson_010", "Lesson_010\Lesson_010.csproj", "{263EFD7F-2843-4DAB-8D08-5475E90B35ED}"
EndProject
Project("{9A19103F-16F7-4668-BE54-9A1E7A4F7556}") = "Lesson_011", "Lesson_011\Lesson_011.csproj", "{53303CDD-7EBF-4F22-8987-37576B8A38AE}"
EndProject
Project("{9A19103F-16F7-4668-BE54-9A1E7A4F7556}") = "Lesson_012", "Lesson_012\Lesson_012.csproj", "{6C7289BF-CB6E-463F-9704-A8A7EA4D2E28}"
EndProject
Project("{9A19103F-16F7-4668-BE54-9A1E7A4F7556}") = "Lesson_013", "Lesson_013\Lesson_013.csproj", "{70AD19DD-F6D5-46B9-826E-B6907C48E94C}"
EndProject
Project("{9A19103F-16F7-4668-BE54-9A1E7A4F7556}") = "Lesson_014", "Lesson_014\Lesson_014.csproj", "{DDCD174D-6454-46D0-AE5B-2428090E8894}"
EndProject
Project("{9A19103F-16F7-4668-BE54-9A1E7A4F7556}") = "Lesson_015", "Lesson_015\Lesson_015.csproj", "{22BF400D-D669-4CC1-AC05-0FA411D5D744}"
EndProject
Global
	GlobalSection(SolutionConfigurationPlatforms) = preSolution
		Debug|Any CPU = Debug|Any CPU
		Release|Any CPU = Release|Any CPU
	EndGlobalSection
	GlobalSection(ProjectConfigurationPlatforms) = postSolution
		{9B7E8D6F-E474-400A-A142-A5740EDD8C53}.Debug|Any CPU.ActiveCfg = Debug|Any CPU
		{9B7E8D6F-E474-400A-A142-A5740EDD8C53}.Debug|Any CPU.Build.0 = Debug|Any CPU
		{9B7E8D6F-E474-400A-A142-A5740EDD8C53}.Release|Any CPU.ActiveCfg = Release|Any CPU
		{9B7E8D6F-E474-400A-A142-A5740EDD8C53}.Release|Any CPU.Build.0 = Release|Any CPU
		{2AAF091F-6DCC-40B9-B542-2C32AAF51000}.Debug|Any CPU.ActiveCfg = Debug|Any CPU
		{2AAF091F-6DCC-40B9-B542-2C32AAF51000}.Debug|Any CPU.Build.0 = Debug|Any CPU
		{2AAF091F-6DCC-40B9-B542-2C32AAF51000}.Release|Any CPU.ActiveCfg = Release|Any CPU
		{2AAF091F-6DCC-40B9-B542-2C32AAF51000}.Release|Any CPU.Build.0 = Release|Any CPU
		{F72783F1-3570-473A-8221-C7943683B21A}.Debug|Any CPU.ActiveCfg = Debug|Any CPU
		{F72783F1-3570-473A-8221-C7943683B21A}.Debug|Any CPU.Build.0 = Debug|Any CPU
		{F72783F1-3570-473A-8221-C7943683B21A}.Release|Any CPU.ActiveCfg = Release|Any CPU
		{F72783F1-3570-473A-8221-C7943683B21A}.Release|Any CPU.Build.0 = Release|Any CPU
		{6D526E8E-C866-42C8-BB3A-8ED70C27FAA9}.Debug|Any CPU.ActiveCfg = Debug|Any CPU
		{6D526E8E-C866-42C8-BB3A-8ED70C27FAA9}.Debug|Any CPU.Build.0 = Debug|Any CPU
		{6D526E8E-C866-42C8-BB3A-8ED70C27FAA9}.Release|Any CPU.ActiveCfg = Release|Any CPU
		{6D526E8E-C866-42C8-BB3A-8ED70C27FAA9}.Release|Any CPU.Build.0 = Release|Any CPU
		{263EFD7F-2843-4DAB-8D08-5475E90B35ED}.Debug|Any CPU.ActiveCfg = Debug|Any CPU
		{263EFD7F-2843-4DAB-8D08-5475E90B35ED}.Debug|Any CPU.Build.0 = Debug|Any CPU
		{263EFD7F-2843-4DAB-8D08-5475E90B35ED}.Release|Any CPU.ActiveCfg = Release|Any CPU
		{263EFD7F-2843-4DAB-8D08-5475E90B35ED}.Release|Any CPU.Build.0 = Release|Any CPU
		{53303CDD-7EBF-4F22-8987-37576B8A38AE}.Debug|Any CPU.ActiveCfg = Debug|Any CPU
		{53303CDD-7EBF-4F22-8987-37576B8A38AE}.Debug|Any CPU.Build.0 = Debug|Any CPU
		{53303CDD-7EBF-4F22-8987-37576B8A38AE}.Release|Any CPU.ActiveCfg = Release|Any CPU
		{53303CDD-7EBF-4F22-8987-37576B8A38AE}.Release|Any CPU.Build.0 = Release|Any CPU
		{6C7289BF-CB6E-463F-9704-A8A7EA4D2E28}.Debug|Any CPU.ActiveCfg = Debug|Any CPU
		{6C7289BF-CB6E-463F-9704-A8A7EA4D2E28}.Debug|Any CPU.Build.0 = Debug|Any CPU
		{6C7289BF-CB6E-463F-9704-A8A7EA4D2E28}.Release|Any CPU.ActiveCfg = Release|Any CPU
		{6C7289BF-CB6E-463F-9704-A8A7EA4D2E28}.Release|Any CPU.Build.0 = Release|Any CPU
		{70AD19DD-F6D5-46B9-826E-B6907C48E94C}.Debug|Any CPU.ActiveCfg = Debug|Any CPU
		{70AD19DD-F6D5-46B9-826E-B6907C48E94C}.Debug|Any CPU.Build.0 = Debug|Any CPU
		{70AD19DD-F6D5-46B9-826E-B6907C48E94C}.Release|Any CPU.ActiveCfg = Release|Any CPU
		{70AD19DD-F6D5-46B9-826E-B6907C48E94C}.Release|Any CPU.Build.0 = Release|Any CPU
		{DDCD174D-6454-46D0-AE5B-2428090E8894}.Debug|Any CPU.ActiveCfg = Debug|Any CPU
		{DDCD174D-6454-46D0-AE5B-2428090E8894}.Debug|Any CPU.Build.0 = Debug|Any CPU
		{DDCD174D-6454-46D0-AE5B-2428090E8894}.Release|Any CPU.ActiveCfg = Release|Any CPU
		{DDCD174D-6454-46D0-AE5B-2428090E8894}.Release|Any CPU.Build.0 = Release|Any CPU
		{22BF400D-D669-4CC1-AC05-0FA411D5D744}.Debug|Any CPU.ActiveCfg = Debug|Any CPU
		{22BF400D-D669-4CC1-AC05-0FA411D5D744}.Debug|Any CPU.Build.0 = Debug|Any CPU
		{22BF400D-D669-4CC1-AC05-0FA411D5D744}.Release|Any CPU.ActiveCfg = Release|Any CPU
		{22BF400D-D669-4CC1-AC05-0FA411D5D744}.Release|Any CPU.Build.0 = Release|Any CPU
	EndGlobalSection
	GlobalSection(SolutionProperties) = preSolution
		HideSolutionNode = FALSE
	EndGlobalSection
	GlobalSection(ExtensibilityGlobals) = postSolution
		SolutionGuid = {5A7C4786-3935-428F-9632-59E90536A28C}
	EndGlobalSection
EndGlobal
